
Microsoft Visual Studio Solution File, Format Version 12.00
# Visual Studio 2012
Project("{FAE04EC0-301F-11D3-BF4B-00C04F79EFBC}") = "XamarinResourceStringExtractor", "XamarinResourceStringExtractor\XamarinResourceStringExtractor.csproj", "{728F7D0E-24F4-4FDF-A6A9-1BC9F6871C2E}"
EndProject
Global
	GlobalSection(SolutionConfigurationPlatforms) = preSolution
		Debug|Any CPU = Debug|Any CPU
		Release|Any CPU = Release|Any CPU
	EndGlobalSection
	GlobalSection(ProjectConfigurationPlatforms) = postSolution
		{728F7D0E-24F4-4FDF-A6A9-1BC9F6871C2E}.Debug|Any CPU.ActiveCfg = Debug|Any CPU
		{728F7D0E-24F4-4FDF-A6A9-1BC9F6871C2E}.Debug|Any CPU.Build.0 = Debug|Any CPU
		{728F7D0E-24F4-4FDF-A6A9-1BC9F6871C2E}.Release|Any CPU.ActiveCfg = Release|Any CPU
		{728F7D0E-24F4-4FDF-A6A9-1BC9F6871C2E}.Release|Any CPU.Build.0 = Release|Any CPU
		{B587077C-8ADD-4ABA-907F-9A70AB6878F8}.Debug|Any CPU.ActiveCfg = Debug|Any CPU
		{B587077C-8ADD-4ABA-907F-9A70AB6878F8}.Debug|Any CPU.Build.0 = Debug|Any CPU
		{B587077C-8ADD-4ABA-907F-9A70AB6878F8}.Release|Any CPU.ActiveCfg = Release|Any CPU
		{B587077C-8ADD-4ABA-907F-9A70AB6878F8}.Release|Any CPU.Build.0 = Release|Any CPU
	EndGlobalSection
EndGlobal
